
Microsoft Visual Studio Solution File, Format Version 12.00
# Visual Studio 14
VisualStudioVersion = 14.0.23107.0
MinimumVisualStudioVersion = 10.0.40219.1
Project("{FAE04EC0-301F-11D3-BF4B-00C04F79EFBC}") = "TMS.Web", "TMS.Web\TMS.Web.csproj", "{2DC28175-CF25-4C98-A850-9D9E10D3CF87}"
EndProject
Project("{FAE04EC0-301F-11D3-BF4B-00C04F79EFBC}") = "TMS.Tests", "TMS.Tests\TMS.Tests.csproj", "{68FC5D44-2ABA-4E5E-BC54-8000EBBD241D}"
EndProject
Global
	GlobalSection(SolutionConfigurationPlatforms) = preSolution
		Debug|Any CPU = Debug|Any CPU
		Release|Any CPU = Release|Any CPU
	EndGlobalSection
	GlobalSection(ProjectConfigurationPlatforms) = postSolution
		{2DC28175-CF25-4C98-A850-9D9E10D3CF87}.Debug|Any CPU.ActiveCfg = Debug|Any CPU
		{2DC28175-CF25-4C98-A850-9D9E10D3CF87}.Debug|Any CPU.Build.0 = Debug|Any CPU
		{2DC28175-CF25-4C98-A850-9D9E10D3CF87}.Release|Any CPU.ActiveCfg = Release|Any CPU
		{2DC28175-CF25-4C98-A850-9D9E10D3CF87}.Release|Any CPU.Build.0 = Release|Any CPU
		{68FC5D44-2ABA-4E5E-BC54-8000EBBD241D}.Debug|Any CPU.ActiveCfg = Debug|Any CPU
		{68FC5D44-2ABA-4E5E-BC54-8000EBBD241D}.Debug|Any CPU.Build.0 = Debug|Any CPU
		{68FC5D44-2ABA-4E5E-BC54-8000EBBD241D}.Release|Any CPU.ActiveCfg = Release|Any CPU
		{68FC5D44-2ABA-4E5E-BC54-8000EBBD241D}.Release|Any CPU.Build.0 = Release|Any CPU
	EndGlobalSection
	GlobalSection(SolutionProperties) = preSolution
		HideSolutionNode = FALSE
	EndGlobalSection
EndGlobal
